<?xml version="1.0" encoding="utf-8"?>
<Project ToolsVersion="4.0" xmlns="http://schemas.microsoft.com/developer/msbuild/2003">
  <ItemGroup>
    <Filter Include="Source Files">
      <UniqueIdentifier>{4FC737F1-C7A5-4376-A066-2A32D752A2FF}</UniqueIdentifier>
      <Extensions>cpp;c;cc;cxx;c++;cppm;ixx;def;odl;idl;hpj;bat;asm;asmx</Extensions>
    </Filter>
    <Filter Include="Header Files">
      <UniqueIdentifier>{93995380-89BD-4b04-88EB-625FBE52EBFB}</UniqueIdentifier>
      <Extensions>h;hh;hpp;hxx;h++;hm;inl;inc;ipp;xsd</Extensions>
    </Filter>
    <Filter Include="Resource Files">
      <UniqueIdentifier>{67DA6AB6-F800-4c08-8B7A-83BB121AAD01}</UniqueIdentifier>
      <Extensions>rc;ico;cur;bmp;dlg;rc2;rct;bin;rgs;gif;jpg;jpeg;jpe;resx;tiff;tif;png;wav;mfcribbon-ms</Extensions>
    </Filter>
    <Filter Include="Header Files\ReflectionSystem">
      <UniqueIdentifier>{43653d83-6c3c-4a22-bcad-8936593ecfa4}</UniqueIdentifier>
    </Filter>
    <Filter Include="Header Files\Serialization">
      <UniqueIdentifier>{9477b684-8e43-4245-bf44-dbb5708b2a81}</UniqueIdentifier>
    </Filter>
    <Filter Include="Header Files\Socket">
      <UniqueIdentifier>{767cee38-ef32-4cea-878e-5bbeeab1caa7}</UniqueIdentifier>
    </Filter>
    <Filter Include="Source Files\Serialization">
      <UniqueIdentifier>{f054b048-6bd0-4e6c-917d-c09da6a211a0}</UniqueIdentifier>
    </Filter>
    <Filter Include="Source Files\Socket">
      <UniqueIdentifier>{59df335d-b576-40f0-a4fb-03c8f3c20fc0}</UniqueIdentifier>
    </Filter>
    <Filter Include="Header Files\Replication">
      <UniqueIdentifier>{37c6925d-abfd-4347-b20a-de0e70d74678}</UniqueIdentifier>
    </Filter>
    <Filter Include="Source Files\Replication">
      <UniqueIdentifier>{74afcb79-44bd-4b98-9f96-27854c457ec5}</UniqueIdentifier>
    </Filter>
  </ItemGroup>
  <ItemGroup>
    <ClInclude Include="framework.h">
      <Filter>Header Files</Filter>
    </ClInclude>
    <ClInclude Include="pch.h">
      <Filter>Header Files</Filter>
    </ClInclude>
    <ClInclude Include="ReflectionSystem\DataType.h">
      <Filter>Header Files\ReflectionSystem</Filter>
    </ClInclude>
    <ClInclude Include="ReflectionSystem\MemberVariable.h">
      <Filter>Header Files\ReflectionSystem</Filter>
    </ClInclude>
    <ClInclude Include="Serialization\ByteSwap.h">
      <Filter>Header Files\Serialization</Filter>
    </ClInclude>
    <ClInclude Include="Serialization\MemoryBitStream.h">
      <Filter>Header Files\Serialization</Filter>
    </ClInclude>
    <ClInclude Include="Serialization\MemoryStream.h">
      <Filter>Header Files\Serialization</Filter>
    </ClInclude>
    <ClInclude Include="Socket\SocketAddress.h">
      <Filter>Header Files\Socket</Filter>
    </ClInclude>
    <ClInclude Include="Socket\SocketBase.h">
      <Filter>Header Files\Socket</Filter>
    </ClInclude>
    <ClInclude Include="Socket\SocketFactory.h">
      <Filter>Header Files\Socket</Filter>
    </ClInclude>
    <ClInclude Include="Socket\SocketUtil.h">
      <Filter>Header Files\Socket</Filter>
    </ClInclude>
    <ClInclude Include="Socket\TCPSocket.h">
      <Filter>Header Files\Socket</Filter>
    </ClInclude>
    <ClInclude Include="Socket\UDPSocket.h">
      <Filter>Header Files\Socket</Filter>
    </ClInclude>
    <ClInclude Include="NetworkCore.h">
      <Filter>Header Files</Filter>
    </ClInclude>
    <ClInclude Include="ReflectionSystem\LinkingContext.h">
      <Filter>Header Files\ReflectionSystem</Filter>
    </ClInclude>
    <ClInclude Include="Replication\ObjectCreationRegistry.h">
      <Filter>Header Files\Replication</Filter>
    </ClInclude>
    <ClInclude Include="Replication\ReplicationObject.h">
      <Filter>Header Files\Replication</Filter>
    </ClInclude>
    <ClInclude Include="Replication\ReplicationHeader.h">
      <Filter>Header Files\Replication</Filter>
    </ClInclude>
    <ClInclude Include="NetworkUtility.h">
      <Filter>Header Files</Filter>
    </ClInclude>
    <ClInclude Include="Replication\ReplicationManager.h">
      <Filter>Header Files\Replication</Filter>
    </ClInclude>
    <ClInclude Include="Replication\RPCManager.h">
      <Filter>Header Files\Replication</Filter>
    </ClInclude>
  </ItemGroup>
  <ItemGroup>
    <ClCompile Include="dllmain.cpp">
      <Filter>Source Files</Filter>
    </ClCompile>
    <ClCompile Include="pch.cpp">
      <Filter>Source Files</Filter>
    </ClCompile>
    <ClCompile Include="Serialization\MemoryBitStream.cpp">
      <Filter>Source Files\Serialization</Filter>
    </ClCompile>
    <ClCompile Include="Serialization\MemoryStream.cpp">
      <Filter>Source Files\Serialization</Filter>
    </ClCompile>
    <ClCompile Include="Socket\SocketAddress.cpp">
      <Filter>Source Files\Socket</Filter>
    </ClCompile>
    <ClCompile Include="Socket\SocketBase.cpp">
      <Filter>Source Files\Socket</Filter>
    </ClCompile>
    <ClCompile Include="Socket\SocketUtil.cpp">
      <Filter>Source Files\Socket</Filter>
    </ClCompile>
    <ClCompile Include="Socket\TCPSocket.cpp">
      <Filter>Source Files\Socket</Filter>
    </ClCompile>
    <ClCompile Include="Socket\UDPSocket.cpp">
      <Filter>Source Files\Socket</Filter>
    </ClCompile>
    <ClCompile Include="NetworkCore.cpp">
      <Filter>Source Files</Filter>
    </ClCompile>
    <ClCompile Include="NetworkUtility.cpp">
      <Filter>Source Files</Filter>
    </ClCompile>
    <ClCompile Include="Replication\ReplicationHeader.cpp">
      <Filter>Source Files\Replication</Filter>
    </ClCompile>
    <ClCompile Include="Replication\ReplicationManager.cpp">
      <Filter>Source Files\Replication</Filter>
    </ClCompile>
    <ClCompile Include="Replication\RPCManager.cpp">
      <Filter>Source Files\Replication</Filter>
    </ClCompile>
  </ItemGroup>
</Project>